
Microsoft Visual Studio Solution File, Format Version 12.00
# Visual Studio Version 17
VisualStudioVersion = 17.12.35707.178 d17.12
MinimumVisualStudioVersion = 10.0.40219.1
Project("{FAE04EC0-301F-11D3-BF4B-00C04F79EFBC}") = "SzkolaTestowJednostkowych", "SzkolaTestowJednostkowych\SzkolaTestowJednostkowych.csproj", "{C0766982-2553-489C-B396-142120FB02D9}"
EndProject
Project("{FAE04EC0-301F-11D3-BF4B-00C04F79EFBC}") = "SzkolaTestowJednostkowych_UnitTests", "SzkolaTestowJednostkowych_UnitTests\SzkolaTestowJednostkowych_UnitTests.csproj", "{8B4ACF87-EB6A-45D5-AA65-830F16CF6689}"
EndProject
Global
	GlobalSection(SolutionConfigurationPlatforms) = preSolution
		Debug|Any CPU = Debug|Any CPU
		Release|Any CPU = Release|Any CPU
	EndGlobalSection
	GlobalSection(ProjectConfigurationPlatforms) = postSolution
		{C0766982-2553-489C-B396-142120FB02D9}.Debug|Any CPU.ActiveCfg = Debug|Any CPU
		{C0766982-2553-489C-B396-142120FB02D9}.Debug|Any CPU.Build.0 = Debug|Any CPU
		{C0766982-2553-489C-B396-142120FB02D9}.Release|Any CPU.ActiveCfg = Release|Any CPU
		{C0766982-2553-489C-B396-142120FB02D9}.Release|Any CPU.Build.0 = Release|Any CPU
		{8B4ACF87-EB6A-45D5-AA65-830F16CF6689}.Debug|Any CPU.ActiveCfg = Debug|Any CPU
		{8B4ACF87-EB6A-45D5-AA65-830F16CF6689}.Debug|Any CPU.Build.0 = Debug|Any CPU
		{8B4ACF87-EB6A-45D5-AA65-830F16CF6689}.Release|Any CPU.ActiveCfg = Release|Any CPU
		{8B4ACF87-EB6A-45D5-AA65-830F16CF6689}.Release|Any CPU.Build.0 = Release|Any CPU
	EndGlobalSection
	GlobalSection(SolutionProperties) = preSolution
		HideSolutionNode = FALSE
	EndGlobalSection
	GlobalSection(ExtensibilityGlobals) = postSolution
		SolutionGuid = {E90F9357-2FF2-4C51-94DF-BD82E1444E2B}
	EndGlobalSection
EndGlobal
